{
  "name": "hexsim-frontend",
  "version": "0.0.0",
  "lockfileVersion": 3,
  "requires": true,
  "packages": {
    "": {
      "name": "hexsim-frontend",
      "version": "0.0.0",
      "dependencies": {
        "@fontsource/ibm-plex-mono": "^5.2.7",
        "@msgpack/msgpack": "^3.1.3",
        "three": "0.183.2"
      }
    },
    "node_modules/@fontsource/ibm-plex-mono": {
      "version": "5.2.7",
      "resolved": "https://registry.npmjs.org/@fontsource/ibm-plex-mono/-/ibm-plex-mono-5.2.7.tgz",
      "integrity": "sha512-MKAb8qV+CaiMQn2B0dIi1OV3565NYzp3WN5b4oT6LTkk+F0jR6j0ZN+5BKJiIhffDC3rtBULsYZE65+0018z9w==",
      "license": "OFL-1.1",
      "funding": {
        "url": "https://github.com/sponsors/ayuhito"
      }
    },
    "node_modules/@msgpack/msgpack": {
      "version": "3.1.3",
      "resolved": "https://registry.npmjs.org/@msgpack/msgpack/-/msgpack-3.1.3.tgz",
      "integrity": "sha512-47XIizs9XZXvuJgoaJUIE2lFoID8ugvc0jzSHP+Ptfk8nTbnR8g788wv48N03Kx0UkAv559HWRQ3yzOgzlRNUA==",
      "license": "ISC",
      "engines": {
        "node": ">= 18"
      }
    },
    "node_modules/three": {
      "version": "0.183.2",
      "resolved": "https://registry.npmjs.org/three/-/three-0.183.2.tgz",
      "integrity": "sha512-di3BsL2FEQ1PA7Hcvn4fyJOlxRRgFYBpMTcyOgkwJIaDOdJMebEFPA+t98EvjuljDx4hNulAGwF6KIjtwI5jgQ==",
      "license": "MIT"
    }
  }
}
